// !$*UTF8*$!
{
	archiveVersion = 1;
	classes = {
	};
	objectVersion = 56;
	objects = {

/* Begin PBXBuildFile section */
		930AF29A2AF67AD300E6F1E4 /* RestApiService.swift in Sources */ = {isa = PBXBuildFile; fileRef = 930AF2992AF67AD300E6F1E4 /* RestApiService.swift */; };
		930AF29C2AF67B8700E6F1E4 /* MovieRest.swift in Sources */ = {isa = PBXBuildFile; fileRef = 930AF29B2AF67B8700E6F1E4 /* MovieRest.swift */; };
		930AF29F2AF67BD500E6F1E4 /* MovieApiError.swift in Sources */ = {isa = PBXBuildFile; fileRef = 930AF29E2AF67BD500E6F1E4 /* MovieApiError.swift */; };
		930AF2A12AF6978900E6F1E4 /* RestApiMovieVM.swift in Sources */ = {isa = PBXBuildFile; fileRef = 930AF2A02AF6978900E6F1E4 /* RestApiMovieVM.swift */; };
		930AF7272AFCE03800E3C40D /* MovieCardView.swift in Sources */ = {isa = PBXBuildFile; fileRef = 930AF7262AFCE03800E3C40D /* MovieCardView.swift */; };
		930AF7292AFD2B7900E3C40D /* ViewRouter.swift in Sources */ = {isa = PBXBuildFile; fileRef = 930AF7282AFD2B7900E3C40D /* ViewRouter.swift */; };
		930C47632B10F1AE008C0C10 /* Genre.swift in Sources */ = {isa = PBXBuildFile; fileRef = 930C47622B10F1AE008C0C10 /* Genre.swift */; };
		93120A1F2ADABEE300F876F1 /* ThatMovieApp.swift in Sources */ = {isa = PBXBuildFile; fileRef = 93120A1E2ADABEE300F876F1 /* ThatMovieApp.swift */; };
		93120A212ADABEE300F876F1 /* ContentView.swift in Sources */ = {isa = PBXBuildFile; fileRef = 93120A202ADABEE300F876F1 /* ContentView.swift */; };
		93120A232ADABEE300F876F1 /* MovieItem.swift in Sources */ = {isa = PBXBuildFile; fileRef = 93120A222ADABEE300F876F1 /* MovieItem.swift */; };
		93120A252ADABEE500F876F1 /* Assets.xcassets in Resources */ = {isa = PBXBuildFile; fileRef = 93120A242ADABEE500F876F1 /* Assets.xcassets */; };
		93120A282ADABEE500F876F1 /* Preview Assets.xcassets in Resources */ = {isa = PBXBuildFile; fileRef = 93120A272ADABEE500F876F1 /* Preview Assets.xcassets */; };
		93120A342ADB008100F876F1 /* AddMovieItemView.swift in Sources */ = {isa = PBXBuildFile; fileRef = 93120A332ADB008100F876F1 /* AddMovieItemView.swift */; };
		93120A362ADB009700F876F1 /* MoviePageView.swift in Sources */ = {isa = PBXBuildFile; fileRef = 93120A352ADB009700F876F1 /* MoviePageView.swift */; };
		932141522ADD75B200D74AF7 /* UpdateMovieItemView.swift in Sources */ = {isa = PBXBuildFile; fileRef = 932141512ADD75B200D74AF7 /* UpdateMovieItemView.swift */; };
		934018732B0604B100219CFB /* MovieEndpoints.swift in Sources */ = {isa = PBXBuildFile; fileRef = 934018722B0604B100219CFB /* MovieEndpoints.swift */; };
		934018772B064E5900219CFB /* MovieSection.swift in Sources */ = {isa = PBXBuildFile; fileRef = 934018762B064E5900219CFB /* MovieSection.swift */; };
		93551B642B03A8CD0095EE84 /* VarExtensions.swift in Sources */ = {isa = PBXBuildFile; fileRef = 93551B632B03A8CD0095EE84 /* VarExtensions.swift */; };
		93551B662B03AEAF0095EE84 /* SearchFieldView.swift in Sources */ = {isa = PBXBuildFile; fileRef = 93551B652B03AEAF0095EE84 /* SearchFieldView.swift */; };
		93551B682B03B3BF0095EE84 /* ViewExtension.swift in Sources */ = {isa = PBXBuildFile; fileRef = 93551B672B03B3BF0095EE84 /* ViewExtension.swift */; };
		9383846C2B0CF2EC00896A8E /* AdditionalOptinsView.swift in Sources */ = {isa = PBXBuildFile; fileRef = 9383846B2B0CF2EC00896A8E /* AdditionalOptinsView.swift */; };
		9383846E2B0CF82900896A8E /* Language.swift in Sources */ = {isa = PBXBuildFile; fileRef = 9383846D2B0CF82900896A8E /* Language.swift */; };
		938384702B0D1DA200896A8E /* LanguageSelectorView.swift in Sources */ = {isa = PBXBuildFile; fileRef = 9383846F2B0D1DA200896A8E /* LanguageSelectorView.swift */; };
		938A5B6F2B1B4593004B947B /* SearchCriteriaDto.swift in Sources */ = {isa = PBXBuildFile; fileRef = 938A5B6E2B1B4593004B947B /* SearchCriteriaDto.swift */; };
		938A5B712B1B8B95004B947B /* UrlPage.swift in Sources */ = {isa = PBXBuildFile; fileRef = 938A5B702B1B8B95004B947B /* UrlPage.swift */; };
		93A2A2132AFA373C00BFAF6B /* GenericApiProtocol.swift in Sources */ = {isa = PBXBuildFile; fileRef = 93A2A2122AFA373C00BFAF6B /* GenericApiProtocol.swift */; };
		93A2A2162AFA422400BFAF6B /* GenericApiImpl.swift in Sources */ = {isa = PBXBuildFile; fileRef = 93A2A2152AFA422400BFAF6B /* GenericApiImpl.swift */; };
		93A2A2182AFA7EBD00BFAF6B /* ApiUrls.swift in Sources */ = {isa = PBXBuildFile; fileRef = 93A2A2172AFA7EBD00BFAF6B /* ApiUrls.swift */; };
		93BA720E2B133CA3006A7B83 /* MovieSectionItemView.swift in Sources */ = {isa = PBXBuildFile; fileRef = 93BA720D2B133CA3006A7B83 /* MovieSectionItemView.swift */; };
		93BBFC142AEAB41B00760ABE /* ImagePicker.swift in Sources */ = {isa = PBXBuildFile; fileRef = 93BBFC132AEAB41B00760ABE /* ImagePicker.swift */; };
		93E11E8C2AE7C07F0033F193 /* MovieFilmCardView.swift in Sources */ = {isa = PBXBuildFile; fileRef = 93E11E8B2AE7C07F0033F193 /* MovieFilmCardView.swift */; };
		93E1206C2B19C560006B818C /* SearchCriteriaEnum.swift in Sources */ = {isa = PBXBuildFile; fileRef = 93E1206B2B19C560006B818C /* SearchCriteriaEnum.swift */; };
		93E1206E2B19CD53006B818C /* SortByCriteriaEnum.swift in Sources */ = {isa = PBXBuildFile; fileRef = 93E1206D2B19CD53006B818C /* SortByCriteriaEnum.swift */; };
		93E989FC2AEA5C1200634B04 /* PhotoFromCameraController.swift in Sources */ = {isa = PBXBuildFile; fileRef = 93E989FB2AEA5C1200634B04 /* PhotoFromCameraController.swift */; };
		93E989FE2AEA629800634B04 /* ImagePickerTypeEnum.swift in Sources */ = {isa = PBXBuildFile; fileRef = 93E989FD2AEA629800634B04 /* ImagePickerTypeEnum.swift */; };
/* End PBXBuildFile section */

/* Begin PBXFileReference section */
		930AF2992AF67AD300E6F1E4 /* RestApiService.swift */ = {isa = PBXFileReference; lastKnownFileType = sourcecode.swift; path = RestApiService.swift; sourceTree = "<group>"; };
		930AF29B2AF67B8700E6F1E4 /* MovieRest.swift */ = {isa = PBXFileReference; lastKnownFileType = sourcecode.swift; path = MovieRest.swift; sourceTree = "<group>"; };
		930AF29E2AF67BD500E6F1E4 /* MovieApiError.swift */ = {isa = PBXFileReference; lastKnownFileType = sourcecode.swift; path = MovieApiError.swift; sourceTree = "<group>"; };
		930AF2A02AF6978900E6F1E4 /* RestApiMovieVM.swift */ = {isa = PBXFileReference; lastKnownFileType = sourcecode.swift; path = RestApiMovieVM.swift; sourceTree = "<group>"; };
		930AF7262AFCE03800E3C40D /* MovieCardView.swift */ = {isa = PBXFileReference; lastKnownFileType = sourcecode.swift; path = MovieCardView.swift; sourceTree = "<group>"; };
		930AF7282AFD2B7900E3C40D /* ViewRouter.swift */ = {isa = PBXFileReference; lastKnownFileType = sourcecode.swift; path = ViewRouter.swift; sourceTree = "<group>"; };
		930C47622B10F1AE008C0C10 /* Genre.swift */ = {isa = PBXFileReference; lastKnownFileType = sourcecode.swift; path = Genre.swift; sourceTree = "<group>"; };
		93120A1B2ADABEE300F876F1 /* ThatMovie.app */ = {isa = PBXFileReference; explicitFileType = wrapper.application; includeInIndex = 0; path = ThatMovie.app; sourceTree = BUILT_PRODUCTS_DIR; };
		93120A1E2ADABEE300F876F1 /* ThatMovieApp.swift */ = {isa = PBXFileReference; lastKnownFileType = sourcecode.swift; path = ThatMovieApp.swift; sourceTree = "<group>"; };
		93120A202ADABEE300F876F1 /* ContentView.swift */ = {isa = PBXFileReference; lastKnownFileType = sourcecode.swift; path = ContentView.swift; sourceTree = "<group>"; };
		93120A222ADABEE300F876F1 /* MovieItem.swift */ = {isa = PBXFileReference; lastKnownFileType = sourcecode.swift; path = MovieItem.swift; sourceTree = "<group>"; };
		93120A242ADABEE500F876F1 /* Assets.xcassets */ = {isa = PBXFileReference; lastKnownFileType = folder.assetcatalog; path = Assets.xcassets; sourceTree = "<group>"; };
		93120A272ADABEE500F876F1 /* Preview Assets.xcassets */ = {isa = PBXFileReference; lastKnownFileType = folder.assetcatalog; path = "Preview Assets.xcassets"; sourceTree = "<group>"; };
		93120A292ADABEE500F876F1 /* ThatMovie.entitlements */ = {isa = PBXFileReference; lastKnownFileType = text.plist.entitlements; path = ThatMovie.entitlements; sourceTree = "<group>"; };
		93120A2A2ADABEE500F876F1 /* Info.plist */ = {isa = PBXFileReference; lastKnownFileType = text.plist.xml; path = Info.plist; sourceTree = "<group>"; };
		93120A332ADB008100F876F1 /* AddMovieItemView.swift */ = {isa = PBXFileReference; lastKnownFileType = sourcecode.swift; path = AddMovieItemView.swift; sourceTree = "<group>"; };
		93120A352ADB009700F876F1 /* MoviePageView.swift */ = {isa = PBXFileReference; lastKnownFileType = sourcecode.swift; path = MoviePageView.swift; sourceTree = "<group>"; };
		932141512ADD75B200D74AF7 /* UpdateMovieItemView.swift */ = {isa = PBXFileReference; lastKnownFileType = sourcecode.swift; path = UpdateMovieItemView.swift; sourceTree = "<group>"; };
		934018722B0604B100219CFB /* MovieEndpoints.swift */ = {isa = PBXFileReference; lastKnownFileType = sourcecode.swift; path = MovieEndpoints.swift; sourceTree = "<group>"; };
		934018762B064E5900219CFB /* MovieSection.swift */ = {isa = PBXFileReference; lastKnownFileType = sourcecode.swift; path = MovieSection.swift; sourceTree = "<group>"; };
		93551B632B03A8CD0095EE84 /* VarExtensions.swift */ = {isa = PBXFileReference; lastKnownFileType = sourcecode.swift; path = VarExtensions.swift; sourceTree = "<group>"; };
		93551B652B03AEAF0095EE84 /* SearchFieldView.swift */ = {isa = PBXFileReference; lastKnownFileType = sourcecode.swift; path = SearchFieldView.swift; sourceTree = "<group>"; };
		93551B672B03B3BF0095EE84 /* ViewExtension.swift */ = {isa = PBXFileReference; lastKnownFileType = sourcecode.swift; path = ViewExtension.swift; sourceTree = "<group>"; };
		9383846B2B0CF2EC00896A8E /* AdditionalOptinsView.swift */ = {isa = PBXFileReference; lastKnownFileType = sourcecode.swift; path = AdditionalOptinsView.swift; sourceTree = "<group>"; };
		9383846D2B0CF82900896A8E /* Language.swift */ = {isa = PBXFileReference; lastKnownFileType = sourcecode.swift; path = Language.swift; sourceTree = "<group>"; };
		9383846F2B0D1DA200896A8E /* LanguageSelectorView.swift */ = {isa = PBXFileReference; lastKnownFileType = sourcecode.swift; path = LanguageSelectorView.swift; sourceTree = "<group>"; };
		938A5B6E2B1B4593004B947B /* SearchCriteriaDto.swift */ = {isa = PBXFileReference; lastKnownFileType = sourcecode.swift; path = SearchCriteriaDto.swift; sourceTree = "<group>"; };
		938A5B702B1B8B95004B947B /* UrlPage.swift */ = {isa = PBXFileReference; lastKnownFileType = sourcecode.swift; path = UrlPage.swift; sourceTree = "<group>"; };
		93A2A2122AFA373C00BFAF6B /* GenericApiProtocol.swift */ = {isa = PBXFileReference; lastKnownFileType = sourcecode.swift; path = GenericApiProtocol.swift; sourceTree = "<group>"; };
		93A2A2152AFA422400BFAF6B /* GenericApiImpl.swift */ = {isa = PBXFileReference; lastKnownFileType = sourcecode.swift; path = GenericApiImpl.swift; sourceTree = "<group>"; };
		93A2A2172AFA7EBD00BFAF6B /* ApiUrls.swift */ = {isa = PBXFileReference; lastKnownFileType = sourcecode.swift; path = ApiUrls.swift; sourceTree = "<group>"; };
		93BA720D2B133CA3006A7B83 /* MovieSectionItemView.swift */ = {isa = PBXFileReference; lastKnownFileType = sourcecode.swift; path = MovieSectionItemView.swift; sourceTree = "<group>"; };
		93BBFC132AEAB41B00760ABE /* ImagePicker.swift */ = {isa = PBXFileReference; lastKnownFileType = sourcecode.swift; path = ImagePicker.swift; sourceTree = "<group>"; };
		93E11E8B2AE7C07F0033F193 /* MovieFilmCardView.swift */ = {isa = PBXFileReference; lastKnownFileType = sourcecode.swift; path = MovieFilmCardView.swift; sourceTree = "<group>"; };
		93E1206B2B19C560006B818C /* SearchCriteriaEnum.swift */ = {isa = PBXFileReference; lastKnownFileType = sourcecode.swift; path = SearchCriteriaEnum.swift; sourceTree = "<group>"; };
		93E1206D2B19CD53006B818C /* SortByCriteriaEnum.swift */ = {isa = PBXFileReference; lastKnownFileType = sourcecode.swift; path = SortByCriteriaEnum.swift; sourceTree = "<group>"; };
		93E989FB2AEA5C1200634B04 /* PhotoFromCameraController.swift */ = {isa = PBXFileReference; lastKnownFileType = sourcecode.swift; path = PhotoFromCameraController.swift; sourceTree = "<group>"; };
		93E989FD2AEA629800634B04 /* ImagePickerTypeEnum.swift */ = {isa = PBXFileReference; lastKnownFileType = sourcecode.swift; path = ImagePickerTypeEnum.swift; sourceTree = "<group>"; };
/* End PBXFileReference section */

/* Begin PBXFrameworksBuildPhase section */
		93120A182ADABEE300F876F1 /* Frameworks */ = {
			isa = PBXFrameworksBuildPhase;
			buildActionMask = 2147483647;
			files = (
			);
			runOnlyForDeploymentPostprocessing = 0;
		};
/* End PBXFrameworksBuildPhase section */

/* Begin PBXGroup section */
		93089EE72B189DB600364597 /* NavBar */ = {
			isa = PBXGroup;
			children = (
				934018762B064E5900219CFB /* MovieSection.swift */,
			);
			path = NavBar;
			sourceTree = "<group>";
		};
		930AF2982AF6781200E6F1E4 /* Api */ = {
			isa = PBXGroup;
			children = (
				93A2A2142AFA420900BFAF6B /* GenericApi */,
				930AF2992AF67AD300E6F1E4 /* RestApiService.swift */,
				93A2A2172AFA7EBD00BFAF6B /* ApiUrls.swift */,
			);
			path = Api;
			sourceTree = "<group>";
		};
		930AF29D2AF67BB000E6F1E4 /* RestModel */ = {
			isa = PBXGroup;
			children = (
				934018722B0604B100219CFB /* MovieEndpoints.swift */,
				930AF29B2AF67B8700E6F1E4 /* MovieRest.swift */,
				930AF29E2AF67BD500E6F1E4 /* MovieApiError.swift */,
			);
			path = RestModel;
			sourceTree = "<group>";
		};
		93120A122ADABEE300F876F1 = {
			isa = PBXGroup;
			children = (
				93120A1D2ADABEE300F876F1 /* ThatMovie */,
				93120A1C2ADABEE300F876F1 /* Products */,
			);
			sourceTree = "<group>";
		};
		93120A1C2ADABEE300F876F1 /* Products */ = {
			isa = PBXGroup;
			children = (
				93120A1B2ADABEE300F876F1 /* ThatMovie.app */,
			);
			name = Products;
			sourceTree = "<group>";
		};
		93120A1D2ADABEE300F876F1 /* ThatMovie */ = {
			isa = PBXGroup;
			children = (
				93551B622B03A8990095EE84 /* Extensions */,
				930AF2982AF6781200E6F1E4 /* Api */,
				93120A302ADB002300F876F1 /* View */,
				93120A312ADB002D00F876F1 /* Model */,
				93120A322ADB003300F876F1 /* ViewModel */,
				93120A1E2ADABEE300F876F1 /* ThatMovieApp.swift */,
				93120A202ADABEE300F876F1 /* ContentView.swift */,
				93120A242ADABEE500F876F1 /* Assets.xcassets */,
				93120A292ADABEE500F876F1 /* ThatMovie.entitlements */,
				93120A2A2ADABEE500F876F1 /* Info.plist */,
				93120A262ADABEE500F876F1 /* Preview Content */,
			);
			path = ThatMovie;
			sourceTree = "<group>";
		};
		93120A262ADABEE500F876F1 /* Preview Content */ = {
			isa = PBXGroup;
			children = (
				93120A272ADABEE500F876F1 /* Preview Assets.xcassets */,
			);
			path = "Preview Content";
			sourceTree = "<group>";
		};
		93120A302ADB002300F876F1 /* View */ = {
			isa = PBXGroup;
			children = (
				93089EE72B189DB600364597 /* NavBar */,
				93120A332ADB008100F876F1 /* AddMovieItemView.swift */,
				93120A352ADB009700F876F1 /* MoviePageView.swift */,
				932141512ADD75B200D74AF7 /* UpdateMovieItemView.swift */,
				93E11E8B2AE7C07F0033F193 /* MovieFilmCardView.swift */,
				930AF7262AFCE03800E3C40D /* MovieCardView.swift */,
				93551B652B03AEAF0095EE84 /* SearchFieldView.swift */,
				9383846B2B0CF2EC00896A8E /* AdditionalOptinsView.swift */,
				9383846F2B0D1DA200896A8E /* LanguageSelectorView.swift */,
				93BA720D2B133CA3006A7B83 /* MovieSectionItemView.swift */,
			);
			path = View;
			sourceTree = "<group>";
		};
		93120A312ADB002D00F876F1 /* Model */ = {
			isa = PBXGroup;
			children = (
				930AF29D2AF67BB000E6F1E4 /* RestModel */,
				93120A222ADABEE300F876F1 /* MovieItem.swift */,
				93E989FD2AEA629800634B04 /* ImagePickerTypeEnum.swift */,
				9383846D2B0CF82900896A8E /* Language.swift */,
				930C47622B10F1AE008C0C10 /* Genre.swift */,
				93E1206B2B19C560006B818C /* SearchCriteriaEnum.swift */,
				93E1206D2B19CD53006B818C /* SortByCriteriaEnum.swift */,
				938A5B6E2B1B4593004B947B /* SearchCriteriaDto.swift */,
				938A5B702B1B8B95004B947B /* UrlPage.swift */,
			);
			path = Model;
			sourceTree = "<group>";
		};
		93120A322ADB003300F876F1 /* ViewModel */ = {
			isa = PBXGroup;
			children = (
				93E989FB2AEA5C1200634B04 /* PhotoFromCameraController.swift */,
				93BBFC132AEAB41B00760ABE /* ImagePicker.swift */,
				930AF2A02AF6978900E6F1E4 /* RestApiMovieVM.swift */,
				930AF7282AFD2B7900E3C40D /* ViewRouter.swift */,
			);
			path = ViewModel;
			sourceTree = "<group>";
		};
		93551B622B03A8990095EE84 /* Extensions */ = {
			isa = PBXGroup;
			children = (
				93551B632B03A8CD0095EE84 /* VarExtensions.swift */,
				93551B672B03B3BF0095EE84 /* ViewExtension.swift */,
			);
			path = Extensions;
			sourceTree = "<group>";
		};
		93A2A2142AFA420900BFAF6B /* GenericApi */ = {
			isa = PBXGroup;
			children = (
				93A2A2122AFA373C00BFAF6B /* GenericApiProtocol.swift */,
				93A2A2152AFA422400BFAF6B /* GenericApiImpl.swift */,
			);
			path = GenericApi;
			sourceTree = "<group>";
		};
/* End PBXGroup section */

/* Begin PBXNativeTarget section */
		93120A1A2ADABEE300F876F1 /* ThatMovie */ = {
			isa = PBXNativeTarget;
			buildConfigurationList = 93120A2D2ADABEE500F876F1 /* Build configuration list for PBXNativeTarget "ThatMovie" */;
			buildPhases = (
				93120A172ADABEE300F876F1 /* Sources */,
				93120A182ADABEE300F876F1 /* Frameworks */,
				93120A192ADABEE300F876F1 /* Resources */,
			);
			buildRules = (
			);
			dependencies = (
			);
			name = ThatMovie;
			productName = ThatMovie;
			productReference = 93120A1B2ADABEE300F876F1 /* ThatMovie.app */;
			productType = "com.apple.product-type.application";
		};
/* End PBXNativeTarget section */

/* Begin PBXProject section */
		93120A132ADABEE300F876F1 /* Project object */ = {
			isa = PBXProject;
			attributes = {
				BuildIndependentTargetsInParallel = 1;
				LastSwiftUpdateCheck = 1500;
				LastUpgradeCheck = 1500;
				TargetAttributes = {
					93120A1A2ADABEE300F876F1 = {
						CreatedOnToolsVersion = 15.0;
					};
				};
			};
			buildConfigurationList = 93120A162ADABEE300F876F1 /* Build configuration list for PBXProject "ThatMovie" */;
			compatibilityVersion = "Xcode 14.0";
			developmentRegion = en;
			hasScannedForEncodings = 0;
			knownRegions = (
				en,
				Base,
			);
			mainGroup = 93120A122ADABEE300F876F1;
			productRefGroup = 93120A1C2ADABEE300F876F1 /* Products */;
			projectDirPath = "";
			projectRoot = "";
			targets = (
				93120A1A2ADABEE300F876F1 /* ThatMovie */,
			);
		};
/* End PBXProject section */

/* Begin PBXResourcesBuildPhase section */
		93120A192ADABEE300F876F1 /* Resources */ = {
			isa = PBXResourcesBuildPhase;
			buildActionMask = 2147483647;
			files = (
				93120A282ADABEE500F876F1 /* Preview Assets.xcassets in Resources */,
				93120A252ADABEE500F876F1 /* Assets.xcassets in Resources */,
			);
			runOnlyForDeploymentPostprocessing = 0;
		};
/* End PBXResourcesBuildPhase section */

/* Begin PBXSourcesBuildPhase section */
		93120A172ADABEE300F876F1 /* Sources */ = {
			isa = PBXSourcesBuildPhase;
			buildActionMask = 2147483647;
			files = (
				93551B642B03A8CD0095EE84 /* VarExtensions.swift in Sources */,
				930AF29A2AF67AD300E6F1E4 /* RestApiService.swift in Sources */,
				938A5B6F2B1B4593004B947B /* SearchCriteriaDto.swift in Sources */,
				934018772B064E5900219CFB /* MovieSection.swift in Sources */,
				93120A212ADABEE300F876F1 /* ContentView.swift in Sources */,
				930AF2A12AF6978900E6F1E4 /* RestApiMovieVM.swift in Sources */,
				93A2A2182AFA7EBD00BFAF6B /* ApiUrls.swift in Sources */,
				930AF29C2AF67B8700E6F1E4 /* MovieRest.swift in Sources */,
				93551B682B03B3BF0095EE84 /* ViewExtension.swift in Sources */,
				93120A232ADABEE300F876F1 /* MovieItem.swift in Sources */,
				93E989FC2AEA5C1200634B04 /* PhotoFromCameraController.swift in Sources */,
				93120A342ADB008100F876F1 /* AddMovieItemView.swift in Sources */,
				93120A362ADB009700F876F1 /* MoviePageView.swift in Sources */,
				9383846C2B0CF2EC00896A8E /* AdditionalOptinsView.swift in Sources */,
				934018732B0604B100219CFB /* MovieEndpoints.swift in Sources */,
				93E989FE2AEA629800634B04 /* ImagePickerTypeEnum.swift in Sources */,
				93A2A2132AFA373C00BFAF6B /* GenericApiProtocol.swift in Sources */,
				930AF7292AFD2B7900E3C40D /* ViewRouter.swift in Sources */,
				93BBFC142AEAB41B00760ABE /* ImagePicker.swift in Sources */,
				938384702B0D1DA200896A8E /* LanguageSelectorView.swift in Sources */,
				938A5B712B1B8B95004B947B /* UrlPage.swift in Sources */,
				932141522ADD75B200D74AF7 /* UpdateMovieItemView.swift in Sources */,
				930AF7272AFCE03800E3C40D /* MovieCardView.swift in Sources */,
				93E11E8C2AE7C07F0033F193 /* MovieFilmCardView.swift in Sources */,
				93BA720E2B133CA3006A7B83 /* MovieSectionItemView.swift in Sources */,
				930AF29F2AF67BD500E6F1E4 /* MovieApiError.swift in Sources */,
				93551B662B03AEAF0095EE84 /* SearchFieldView.swift in Sources */,
				93E1206E2B19CD53006B818C /* SortByCriteriaEnum.swift in Sources */,
				93E1206C2B19C560006B818C /* SearchCriteriaEnum.swift in Sources */,
				9383846E2B0CF82900896A8E /* Language.swift in Sources */,
				93A2A2162AFA422400BFAF6B /* GenericApiImpl.swift in Sources */,
				93120A1F2ADABEE300F876F1 /* ThatMovieApp.swift in Sources */,
				930C47632B10F1AE008C0C10 /* Genre.swift in Sources */,
			);
			runOnlyForDeploymentPostprocessing = 0;
		};
/* End PBXSourcesBuildPhase section */

/* Begin XCBuildConfiguration section */
		93120A2B2ADABEE500F876F1 /* Debug */ = {
			isa = XCBuildConfiguration;
			buildSettings = {
				ALWAYS_SEARCH_USER_PATHS = NO;
				ASSETCATALOG_COMPILER_GENERATE_SWIFT_ASSET_SYMBOL_EXTENSIONS = YES;
				CLANG_ANALYZER_NONNULL = YES;
				CLANG_ANALYZER_NUMBER_OBJECT_CONVERSION = YES_AGGRESSIVE;
				CLANG_CXX_LANGUAGE_STANDARD = "gnu++20";
				CLANG_ENABLE_MODULES = YES;
				CLANG_ENABLE_OBJC_ARC = YES;
				CLANG_ENABLE_OBJC_WEAK = YES;
				CLANG_WARN_BLOCK_CAPTURE_AUTORELEASING = YES;
				CLANG_WARN_BOOL_CONVERSION = YES;
				CLANG_WARN_COMMA = YES;
				CLANG_WARN_CONSTANT_CONVERSION = YES;
				CLANG_WARN_DEPRECATED_OBJC_IMPLEMENTATIONS = YES;
				CLANG_WARN_DIRECT_OBJC_ISA_USAGE = YES_ERROR;
				CLANG_WARN_DOCUMENTATION_COMMENTS = YES;
				CLANG_WARN_EMPTY_BODY = YES;
				CLANG_WARN_ENUM_CONVERSION = YES;
				CLANG_WARN_INFINITE_RECURSION = YES;
				CLANG_WARN_INT_CONVERSION = YES;
				CLANG_WARN_NON_LITERAL_NULL_CONVERSION = YES;
				CLANG_WARN_OBJC_IMPLICIT_RETAIN_SELF = YES;
				CLANG_WARN_OBJC_LITERAL_CONVERSION = YES;
				CLANG_WARN_OBJC_ROOT_CLASS = YES_ERROR;
				CLANG_WARN_QUOTED_INCLUDE_IN_FRAMEWORK_HEADER = YES;
				CLANG_WARN_RANGE_LOOP_ANALYSIS = YES;
				CLANG_WARN_STRICT_PROTOTYPES = YES;
				CLANG_WARN_SUSPICIOUS_MOVE = YES;
				CLANG_WARN_UNGUARDED_AVAILABILITY = YES_AGGRESSIVE;
				CLANG_WARN_UNREACHABLE_CODE = YES;
				CLANG_WARN__DUPLICATE_METHOD_MATCH = YES;
				COPY_PHASE_STRIP = NO;
				DEBUG_INFORMATION_FORMAT = dwarf;
				ENABLE_STRICT_OBJC_MSGSEND = YES;
				ENABLE_TESTABILITY = YES;
				ENABLE_USER_SCRIPT_SANDBOXING = YES;
				GCC_C_LANGUAGE_STANDARD = gnu17;
				GCC_DYNAMIC_NO_PIC = NO;
				GCC_NO_COMMON_BLOCKS = YES;
				GCC_OPTIMIZATION_LEVEL = 0;
				GCC_PREPROCESSOR_DEFINITIONS = (
					"DEBUG=1",
					"$(inherited)",
				);
				GCC_WARN_64_TO_32_BIT_CONVERSION = YES;
				GCC_WARN_ABOUT_RETURN_TYPE = YES_ERROR;
				GCC_WARN_UNDECLARED_SELECTOR = YES;
				GCC_WARN_UNINITIALIZED_AUTOS = YES_AGGRESSIVE;
				GCC_WARN_UNUSED_FUNCTION = YES;
				GCC_WARN_UNUSED_VARIABLE = YES;
				IPHONEOS_DEPLOYMENT_TARGET = 17.0;
				LOCALIZATION_PREFERS_STRING_CATALOGS = YES;
				MTL_ENABLE_DEBUG_INFO = INCLUDE_SOURCE;
				MTL_FAST_MATH = YES;
				ONLY_ACTIVE_ARCH = YES;
				SDKROOT = iphoneos;
				SWIFT_ACTIVE_COMPILATION_CONDITIONS = "DEBUG $(inherited)";
				SWIFT_OPTIMIZATION_LEVEL = "-Onone";
			};
			name = Debug;
		};
		93120A2C2ADABEE500F876F1 /* Release */ = {
			isa = XCBuildConfiguration;
			buildSettings = {
				ALWAYS_SEARCH_USER_PATHS = NO;
				ASSETCATALOG_COMPILER_GENERATE_SWIFT_ASSET_SYMBOL_EXTENSIONS = YES;
				CLANG_ANALYZER_NONNULL = YES;
				CLANG_ANALYZER_NUMBER_OBJECT_CONVERSION = YES_AGGRESSIVE;
				CLANG_CXX_LANGUAGE_STANDARD = "gnu++20";
				CLANG_ENABLE_MODULES = YES;
				CLANG_ENABLE_OBJC_ARC = YES;
				CLANG_ENABLE_OBJC_WEAK = YES;
				CLANG_WARN_BLOCK_CAPTURE_AUTORELEASING = YES;
				CLANG_WARN_BOOL_CONVERSION = YES;
				CLANG_WARN_COMMA = YES;
				CLANG_WARN_CONSTANT_CONVERSION = YES;
				CLANG_WARN_DEPRECATED_OBJC_IMPLEMENTATIONS = YES;
				CLANG_WARN_DIRECT_OBJC_ISA_USAGE = YES_ERROR;
				CLANG_WARN_DOCUMENTATION_COMMENTS = YES;
				CLANG_WARN_EMPTY_BODY = YES;
				CLANG_WARN_ENUM_CONVERSION = YES;
				CLANG_WARN_INFINITE_RECURSION = YES;
				CLANG_WARN_INT_CONVERSION = YES;
				CLANG_WARN_NON_LITERAL_NULL_CONVERSION = YES;
				CLANG_WARN_OBJC_IMPLICIT_RETAIN_SELF = YES;
				CLANG_WARN_OBJC_LITERAL_CONVERSION = YES;
				CLANG_WARN_OBJC_ROOT_CLASS = YES_ERROR;
				CLANG_WARN_QUOTED_INCLUDE_IN_FRAMEWORK_HEADER = YES;
				CLANG_WARN_RANGE_LOOP_ANALYSIS = YES;
				CLANG_WARN_STRICT_PROTOTYPES = YES;
				CLANG_WARN_SUSPICIOUS_MOVE = YES;
				CLANG_WARN_UNGUARDED_AVAILABILITY = YES_AGGRESSIVE;
				CLANG_WARN_UNREACHABLE_CODE = YES;
				CLANG_WARN__DUPLICATE_METHOD_MATCH = YES;
				COPY_PHASE_STRIP = NO;
				DEBUG_INFORMATION_FORMAT = "dwarf-with-dsym";
				ENABLE_NS_ASSERTIONS = NO;
				ENABLE_STRICT_OBJC_MSGSEND = YES;
				ENABLE_USER_SCRIPT_SANDBOXING = YES;
				GCC_C_LANGUAGE_STANDARD = gnu17;
				GCC_NO_COMMON_BLOCKS = YES;
				GCC_WARN_64_TO_32_BIT_CONVERSION = YES;
				GCC_WARN_ABOUT_RETURN_TYPE = YES_ERROR;
				GCC_WARN_UNDECLARED_SELECTOR = YES;
				GCC_WARN_UNINITIALIZED_AUTOS = YES_AGGRESSIVE;
				GCC_WARN_UNUSED_FUNCTION = YES;
				GCC_WARN_UNUSED_VARIABLE = YES;
				IPHONEOS_DEPLOYMENT_TARGET = 17.0;
				LOCALIZATION_PREFERS_STRING_CATALOGS = YES;
				MTL_ENABLE_DEBUG_INFO = NO;
				MTL_FAST_MATH = YES;
				SDKROOT = iphoneos;
				SWIFT_COMPILATION_MODE = wholemodule;
				VALIDATE_PRODUCT = YES;
			};
			name = Release;
		};
		93120A2E2ADABEE500F876F1 /* Debug */ = {
			isa = XCBuildConfiguration;
			buildSettings = {
				ASSETCATALOG_COMPILER_APPICON_NAME = AppIcon;
				ASSETCATALOG_COMPILER_GLOBAL_ACCENT_COLOR_NAME = AccentColor;
				CODE_SIGN_ENTITLEMENTS = ThatMovie/ThatMovie.entitlements;
				CODE_SIGN_STYLE = Automatic;
				CURRENT_PROJECT_VERSION = 1;
				DEVELOPMENT_ASSET_PATHS = "\"ThatMovie/Preview Content\"";
				DEVELOPMENT_TEAM = 665W8JZLV8;
				ENABLE_PREVIEWS = YES;
				GENERATE_INFOPLIST_FILE = YES;
				INFOPLIST_FILE = ThatMovie/Info.plist;
				INFOPLIST_KEY_NSCameraUsageDescription = "This app requires access to your camera";
				INFOPLIST_KEY_UIApplicationSceneManifest_Generation = YES;
				INFOPLIST_KEY_UIApplicationSupportsIndirectInputEvents = YES;
				INFOPLIST_KEY_UILaunchScreen_Generation = YES;
				INFOPLIST_KEY_UISupportedInterfaceOrientations = UIInterfaceOrientationPortrait;
				INFOPLIST_KEY_UISupportedInterfaceOrientations_iPad = "UIInterfaceOrientationLandscapeLeft UIInterfaceOrientationLandscapeRight UIInterfaceOrientationPortrait UIInterfaceOrientationPortraitUpsideDown";
				LD_RUNPATH_SEARCH_PATHS = (
					"$(inherited)",
					"@executable_path/Frameworks",
				);
				MARKETING_VERSION = 1.0;
				PRODUCT_BUNDLE_IDENTIFIER = vadym.v.ThatMovie;
				PRODUCT_NAME = "$(TARGET_NAME)";
				SWIFT_EMIT_LOC_STRINGS = YES;
				SWIFT_VERSION = 5.0;
				TARGETED_DEVICE_FAMILY = "1,2";
			};
			name = Debug;
		};
		93120A2F2ADABEE500F876F1 /* Release */ = {
			isa = XCBuildConfiguration;
			buildSettings = {
				ASSETCATALOG_COMPILER_APPICON_NAME = AppIcon;
				ASSETCATALOG_COMPILER_GLOBAL_ACCENT_COLOR_NAME = AccentColor;
				CODE_SIGN_ENTITLEMENTS = ThatMovie/ThatMovie.entitlements;
				CODE_SIGN_STYLE = Automatic;
				CURRENT_PROJECT_VERSION = 1;
				DEVELOPMENT_ASSET_PATHS = "\"ThatMovie/Preview Content\"";
				DEVELOPMENT_TEAM = 665W8JZLV8;
				ENABLE_PREVIEWS = YES;
				GENERATE_INFOPLIST_FILE = YES;
				INFOPLIST_FILE = ThatMovie/Info.plist;
				INFOPLIST_KEY_NSCameraUsageDescription = "This app requires access to your camera";
				INFOPLIST_KEY_UIApplicationSceneManifest_Generation = YES;
				INFOPLIST_KEY_UIApplicationSupportsIndirectInputEvents = YES;
				INFOPLIST_KEY_UILaunchScreen_Generation = YES;
				INFOPLIST_KEY_UISupportedInterfaceOrientations = UIInterfaceOrientationPortrait;
				INFOPLIST_KEY_UISupportedInterfaceOrientations_iPad = "UIInterfaceOrientationLandscapeLeft UIInterfaceOrientationLandscapeRight UIInterfaceOrientationPortrait UIInterfaceOrientationPortraitUpsideDown";
				LD_RUNPATH_SEARCH_PATHS = (
					"$(inherited)",
					"@executable_path/Frameworks",
				);
				MARKETING_VERSION = 1.0;
				PRODUCT_BUNDLE_IDENTIFIER = vadym.v.ThatMovie;
				PRODUCT_NAME = "$(TARGET_NAME)";
				SWIFT_EMIT_LOC_STRINGS = YES;
				SWIFT_VERSION = 5.0;
				TARGETED_DEVICE_FAMILY = "1,2";
			};
			name = Release;
		};
/* End XCBuildConfiguration section */

/* Begin XCConfigurationList section */
		93120A162ADABEE300F876F1 /* Build configuration list for PBXProject "ThatMovie" */ = {
			isa = XCConfigurationList;
			buildConfigurations = (
				93120A2B2ADABEE500F876F1 /* Debug */,
				93120A2C2ADABEE500F876F1 /* Release */,
			);
			defaultConfigurationIsVisible = 0;
			defaultConfigurationName = Release;
		};
		93120A2D2ADABEE500F876F1 /* Build configuration list for PBXNativeTarget "ThatMovie" */ = {
			isa = XCConfigurationList;
			buildConfigurations = (
				93120A2E2ADABEE500F876F1 /* Debug */,
				93120A2F2ADABEE500F876F1 /* Release */,
			);
			defaultConfigurationIsVisible = 0;
			defaultConfigurationName = Release;
		};
/* End XCConfigurationList section */
	};
	rootObject = 93120A132ADABEE300F876F1 /* Project object */;
}
